// !$*UTF8*$!
{
	archiveVersion = 1;
	classes = {
	};
	objectVersion = 56;
	objects = {

/* Begin PBXBuildFile section */
		370F1A4929E5B19300756CC0 /* CursorEnableButton.swift in Sources */ = {isa = PBXBuildFile; fileRef = 370F1A4829E5B19300756CC0 /* CursorEnableButton.swift */; };
		370F1A4B29E5B53E00756CC0 /* LinkButton.swift in Sources */ = {isa = PBXBuildFile; fileRef = 370F1A4A29E5B53E00756CC0 /* LinkButton.swift */; };
		3726298B29E70496002DA946 /* PreferenceViewController.swift in Sources */ = {isa = PBXBuildFile; fileRef = 3726298929E70496002DA946 /* PreferenceViewController.swift */; };
		3726298C29E70496002DA946 /* PreferenceViewController.xib in Resources */ = {isa = PBXBuildFile; fileRef = 3726298A29E70496002DA946 /* PreferenceViewController.xib */; };
		3765513A29DF0C760071A9BC /* ToyBricksViewController.swift in Sources */ = {isa = PBXBuildFile; fileRef = 3765513829DF0C760071A9BC /* ToyBricksViewController.swift */; };
		3765513B29DF0C760071A9BC /* ToyBricksViewController.xib in Resources */ = {isa = PBXBuildFile; fileRef = 3765513929DF0C760071A9BC /* ToyBricksViewController.xib */; };
		3765513F29DF0CB20071A9BC /* ConvenienceViewController.swift in Sources */ = {isa = PBXBuildFile; fileRef = 3765513D29DF0CB20071A9BC /* ConvenienceViewController.swift */; };
		3765514029DF0CB20071A9BC /* ConvenienceViewController.xib in Resources */ = {isa = PBXBuildFile; fileRef = 3765513E29DF0CB20071A9BC /* ConvenienceViewController.xib */; };
		3765514429DF11450071A9BC /* ToyBricksSidebarViewController.swift in Sources */ = {isa = PBXBuildFile; fileRef = 3765514229DF11450071A9BC /* ToyBricksSidebarViewController.swift */; };
		3765514529DF11450071A9BC /* ToyBricksSidebarViewController.xib in Resources */ = {isa = PBXBuildFile; fileRef = 3765514329DF11450071A9BC /* ToyBricksSidebarViewController.xib */; };
		3765514E29DF16680071A9BC /* TipViewController.swift in Sources */ = {isa = PBXBuildFile; fileRef = 3765514C29DF16680071A9BC /* TipViewController.swift */; };
		3765514F29DF16680071A9BC /* TipViewController.xib in Resources */ = {isa = PBXBuildFile; fileRef = 3765514D29DF16680071A9BC /* TipViewController.xib */; };
		37E4D24F29DB1A1A0009925D /* AppDelegate.swift in Sources */ = {isa = PBXBuildFile; fileRef = 37E4D24E29DB1A1A0009925D /* AppDelegate.swift */; };
		37E4D25129DB1A1A0009925D /* MainViewController.swift in Sources */ = {isa = PBXBuildFile; fileRef = 37E4D25029DB1A1A0009925D /* MainViewController.swift */; };
		37E4D25329DB1A1C0009925D /* Assets.xcassets in Resources */ = {isa = PBXBuildFile; fileRef = 37E4D25229DB1A1C0009925D /* Assets.xcassets */; };
		37E4D25629DB1A1C0009925D /* Main.storyboard in Resources */ = {isa = PBXBuildFile; fileRef = 37E4D25429DB1A1C0009925D /* Main.storyboard */; };
		37E4D26129DB1A1C0009925D /* getpTests.swift in Sources */ = {isa = PBXBuildFile; fileRef = 37E4D26029DB1A1C0009925D /* getpTests.swift */; };
		37E4D26B29DB1A1D0009925D /* getpUITests.swift in Sources */ = {isa = PBXBuildFile; fileRef = 37E4D26A29DB1A1D0009925D /* getpUITests.swift */; };
		37E4D26D29DB1A1D0009925D /* getpUITestsLaunchTests.swift in Sources */ = {isa = PBXBuildFile; fileRef = 37E4D26C29DB1A1D0009925D /* getpUITestsLaunchTests.swift */; };
		9A2290C729E3BC9400129E9B /* FinderManager.swift in Sources */ = {isa = PBXBuildFile; fileRef = 9A2290C629E3BC9400129E9B /* FinderManager.swift */; };
		9A2D411129E957F200D1948B /* project.xcdatamodeld in Sources */ = {isa = PBXBuildFile; fileRef = 9A2D410F29E957F200D1948B /* project.xcdatamodeld */; };
		9A2D411329E95C9F00D1948B /* ProjectDataBaseManager.swift in Sources */ = {isa = PBXBuildFile; fileRef = 9A2D411229E95C9F00D1948B /* ProjectDataBaseManager.swift */; };
		9A411A7B29DE713D00CFDD7C /* PathExt.swift in Sources */ = {isa = PBXBuildFile; fileRef = 9A411A7A29DE713D00CFDD7C /* PathExt.swift */; };
		9A411A7D29DE76F600CFDD7C /* ProjectsExt.swift in Sources */ = {isa = PBXBuildFile; fileRef = 9A411A7C29DE76F600CFDD7C /* ProjectsExt.swift */; };
		9A411A8429DEBCBA00CFDD7C /* ProjectsDetailHeaderViewController.swift in Sources */ = {isa = PBXBuildFile; fileRef = 9A411A8229DEBCBA00CFDD7C /* ProjectsDetailHeaderViewController.swift */; };
		9A411A8529DEBCBA00CFDD7C /* ProjectsDetailHeaderViewController.xib in Resources */ = {isa = PBXBuildFile; fileRef = 9A411A8329DEBCBA00CFDD7C /* ProjectsDetailHeaderViewController.xib */; };
		9A8DDCFC29DBCA560010F845 /* ToolBarViewController.swift in Sources */ = {isa = PBXBuildFile; fileRef = 9A8DDCFA29DBCA560010F845 /* ToolBarViewController.swift */; };
		9A8DDCFD29DBCA560010F845 /* ToolBarViewController.xib in Resources */ = {isa = PBXBuildFile; fileRef = 9A8DDCFB29DBCA560010F845 /* ToolBarViewController.xib */; };
		9A8DDD0229DBD3A70010F845 /* ProjectsListViewController.swift in Sources */ = {isa = PBXBuildFile; fileRef = 9A8DDD0029DBD3A70010F845 /* ProjectsListViewController.swift */; };
		9A8DDD0329DBD3A70010F845 /* ProjectsListViewController.xib in Resources */ = {isa = PBXBuildFile; fileRef = 9A8DDD0129DBD3A70010F845 /* ProjectsListViewController.xib */; };
		9A8DDD0529DBD4DF0010F845 /* ToolBarButton.swift in Sources */ = {isa = PBXBuildFile; fileRef = 9A8DDD0429DBD4DF0010F845 /* ToolBarButton.swift */; };
		9A8DDD0B29DBF1240010F845 /* ColorExt.swift in Sources */ = {isa = PBXBuildFile; fileRef = 9A8DDD0A29DBF1240010F845 /* ColorExt.swift */; };
		9A8DDD1E29DBFA6D0010F845 /* ProjectsViewController.swift in Sources */ = {isa = PBXBuildFile; fileRef = 9A8DDD1C29DBFA6D0010F845 /* ProjectsViewController.swift */; };
		9A8DDD1F29DBFA6D0010F845 /* ProjectsViewController.xib in Resources */ = {isa = PBXBuildFile; fileRef = 9A8DDD1D29DBFA6D0010F845 /* ProjectsViewController.xib */; };
		9A8DDD2329DC07650010F845 /* GetpManager.swift in Sources */ = {isa = PBXBuildFile; fileRef = 9A8DDD2229DC07650010F845 /* GetpManager.swift */; };
		9A8DDD2629DC18BC0010F845 /* ProjectsActionBarViewController.swift in Sources */ = {isa = PBXBuildFile; fileRef = 9A8DDD2429DC18BC0010F845 /* ProjectsActionBarViewController.swift */; };
		9A8DDD2729DC18BC0010F845 /* ProjectsActionBarViewController.xib in Resources */ = {isa = PBXBuildFile; fileRef = 9A8DDD2529DC18BC0010F845 /* ProjectsActionBarViewController.xib */; };
		9A8DDD2A29DC1AF60010F845 /* LayoutExt.swift in Sources */ = {isa = PBXBuildFile; fileRef = 9A8DDD2929DC1AF60010F845 /* LayoutExt.swift */; };
		9A8DDD2D29DC1C9C0010F845 /* ProjectDetailViewController.swift in Sources */ = {isa = PBXBuildFile; fileRef = 9A8DDD2B29DC1C9C0010F845 /* ProjectDetailViewController.swift */; };
		9A8DDD2E29DC1C9C0010F845 /* ProjectDetailViewController.xib in Resources */ = {isa = PBXBuildFile; fileRef = 9A8DDD2C29DC1C9C0010F845 /* ProjectDetailViewController.xib */; };
		9A8DDD3129DC23390010F845 /* ProjectsHandler.swift in Sources */ = {isa = PBXBuildFile; fileRef = 9A8DDD3029DC23390010F845 /* ProjectsHandler.swift */; };
		9A8DDD3329DC234C0010F845 /* ProjectModel.swift in Sources */ = {isa = PBXBuildFile; fileRef = 9A8DDD3229DC234C0010F845 /* ProjectModel.swift */; };
		9A8DDD3529DC24E40010F845 /* ProjectCell.swift in Sources */ = {isa = PBXBuildFile; fileRef = 9A8DDD3429DC24E40010F845 /* ProjectCell.swift */; };
		9A8DDD3729DC24FE0010F845 /* ProjectCell.xib in Resources */ = {isa = PBXBuildFile; fileRef = 9A8DDD3629DC24FE0010F845 /* ProjectCell.xib */; };
		9A8DDD3929DC2A9C0010F845 /* ProjectsListView.swift in Sources */ = {isa = PBXBuildFile; fileRef = 9A8DDD3829DC2A9C0010F845 /* ProjectsListView.swift */; };
		9A93503B29DFB51600FAA151 /* TestViewController.swift in Sources */ = {isa = PBXBuildFile; fileRef = 9A93503929DFB51600FAA151 /* TestViewController.swift */; };
		9A93503C29DFB51600FAA151 /* TestViewController.xib in Resources */ = {isa = PBXBuildFile; fileRef = 9A93503A29DFB51600FAA151 /* TestViewController.xib */; };
		9A93504129DFE97700FAA151 /* SupportedApps.swift in Sources */ = {isa = PBXBuildFile; fileRef = 9A93504029DFE97700FAA151 /* SupportedApps.swift */; };
		9A93504329DFEA7300FAA151 /* App.swift in Sources */ = {isa = PBXBuildFile; fileRef = 9A93504229DFEA7300FAA151 /* App.swift */; };
		9A93504729DFF10800FAA151 /* Terminal.swift in Sources */ = {isa = PBXBuildFile; fileRef = 9A93504529DFF10800FAA151 /* Terminal.swift */; };
		9A93504829DFF10800FAA151 /* Finder.swift in Sources */ = {isa = PBXBuildFile; fileRef = 9A93504629DFF10800FAA151 /* Finder.swift */; };
		9A93504B29DFF33200FAA151 /* ScriptManager.swift in Sources */ = {isa = PBXBuildFile; fileRef = 9A93504A29DFF33200FAA151 /* ScriptManager.swift */; };
		9A93504D29DFF38000FAA151 /* ScriptFactory.swift in Sources */ = {isa = PBXBuildFile; fileRef = 9A93504C29DFF38000FAA151 /* ScriptFactory.swift */; };
		9A93505129DFF66900FAA151 /* Error.swift in Sources */ = {isa = PBXBuildFile; fileRef = 9A93505029DFF66900FAA151 /* Error.swift */; };
/* End PBXBuildFile section */

/* Begin PBXContainerItemProxy section */
		37E4D25D29DB1A1C0009925D /* PBXContainerItemProxy */ = {
			isa = PBXContainerItemProxy;
			containerPortal = 37E4D24329DB1A1A0009925D /* Project object */;
			proxyType = 1;
			remoteGlobalIDString = 37E4D24A29DB1A1A0009925D;
			remoteInfo = getp;
		};
		37E4D26729DB1A1C0009925D /* PBXContainerItemProxy */ = {
			isa = PBXContainerItemProxy;
			containerPortal = 37E4D24329DB1A1A0009925D /* Project object */;
			proxyType = 1;
			remoteGlobalIDString = 37E4D24A29DB1A1A0009925D;
			remoteInfo = getp;
		};
/* End PBXContainerItemProxy section */

/* Begin PBXFileReference section */
		370F1A4829E5B19300756CC0 /* CursorEnableButton.swift */ = {isa = PBXFileReference; lastKnownFileType = sourcecode.swift; path = CursorEnableButton.swift; sourceTree = "<group>"; };
		370F1A4A29E5B53E00756CC0 /* LinkButton.swift */ = {isa = PBXFileReference; lastKnownFileType = sourcecode.swift; path = LinkButton.swift; sourceTree = "<group>"; };
		3726298929E70496002DA946 /* PreferenceViewController.swift */ = {isa = PBXFileReference; lastKnownFileType = sourcecode.swift; path = PreferenceViewController.swift; sourceTree = "<group>"; };
		3726298A29E70496002DA946 /* PreferenceViewController.xib */ = {isa = PBXFileReference; lastKnownFileType = file.xib; path = PreferenceViewController.xib; sourceTree = "<group>"; };
		3765513829DF0C760071A9BC /* ToyBricksViewController.swift */ = {isa = PBXFileReference; lastKnownFileType = sourcecode.swift; path = ToyBricksViewController.swift; sourceTree = "<group>"; };
		3765513929DF0C760071A9BC /* ToyBricksViewController.xib */ = {isa = PBXFileReference; lastKnownFileType = file.xib; path = ToyBricksViewController.xib; sourceTree = "<group>"; };
		3765513D29DF0CB20071A9BC /* ConvenienceViewController.swift */ = {isa = PBXFileReference; lastKnownFileType = sourcecode.swift; path = ConvenienceViewController.swift; sourceTree = "<group>"; };
		3765513E29DF0CB20071A9BC /* ConvenienceViewController.xib */ = {isa = PBXFileReference; lastKnownFileType = file.xib; path = ConvenienceViewController.xib; sourceTree = "<group>"; };
		3765514229DF11450071A9BC /* ToyBricksSidebarViewController.swift */ = {isa = PBXFileReference; lastKnownFileType = sourcecode.swift; path = ToyBricksSidebarViewController.swift; sourceTree = "<group>"; };
		3765514329DF11450071A9BC /* ToyBricksSidebarViewController.xib */ = {isa = PBXFileReference; lastKnownFileType = file.xib; path = ToyBricksSidebarViewController.xib; sourceTree = "<group>"; };
		3765514C29DF16680071A9BC /* TipViewController.swift */ = {isa = PBXFileReference; lastKnownFileType = sourcecode.swift; path = TipViewController.swift; sourceTree = "<group>"; };
		3765514D29DF16680071A9BC /* TipViewController.xib */ = {isa = PBXFileReference; lastKnownFileType = file.xib; path = TipViewController.xib; sourceTree = "<group>"; };
		37E4D24B29DB1A1A0009925D /* getp.app */ = {isa = PBXFileReference; explicitFileType = wrapper.application; includeInIndex = 0; path = getp.app; sourceTree = BUILT_PRODUCTS_DIR; };
		37E4D24E29DB1A1A0009925D /* AppDelegate.swift */ = {isa = PBXFileReference; lastKnownFileType = sourcecode.swift; path = AppDelegate.swift; sourceTree = "<group>"; };
		37E4D25029DB1A1A0009925D /* MainViewController.swift */ = {isa = PBXFileReference; lastKnownFileType = sourcecode.swift; path = MainViewController.swift; sourceTree = "<group>"; };
		37E4D25229DB1A1C0009925D /* Assets.xcassets */ = {isa = PBXFileReference; lastKnownFileType = folder.assetcatalog; path = Assets.xcassets; sourceTree = "<group>"; };
		37E4D25529DB1A1C0009925D /* Base */ = {isa = PBXFileReference; lastKnownFileType = file.storyboard; name = Base; path = Base.lproj/Main.storyboard; sourceTree = "<group>"; };
		37E4D25729DB1A1C0009925D /* getp.entitlements */ = {isa = PBXFileReference; lastKnownFileType = text.plist.entitlements; path = getp.entitlements; sourceTree = "<group>"; };
		37E4D25C29DB1A1C0009925D /* getpTests.xctest */ = {isa = PBXFileReference; explicitFileType = wrapper.cfbundle; includeInIndex = 0; path = getpTests.xctest; sourceTree = BUILT_PRODUCTS_DIR; };
		37E4D26029DB1A1C0009925D /* getpTests.swift */ = {isa = PBXFileReference; lastKnownFileType = sourcecode.swift; path = getpTests.swift; sourceTree = "<group>"; };
		37E4D26629DB1A1C0009925D /* getpUITests.xctest */ = {isa = PBXFileReference; explicitFileType = wrapper.cfbundle; includeInIndex = 0; path = getpUITests.xctest; sourceTree = BUILT_PRODUCTS_DIR; };
		37E4D26A29DB1A1D0009925D /* getpUITests.swift */ = {isa = PBXFileReference; lastKnownFileType = sourcecode.swift; path = getpUITests.swift; sourceTree = "<group>"; };
		37E4D26C29DB1A1D0009925D /* getpUITestsLaunchTests.swift */ = {isa = PBXFileReference; lastKnownFileType = sourcecode.swift; path = getpUITestsLaunchTests.swift; sourceTree = "<group>"; };
		9A2290C629E3BC9400129E9B /* FinderManager.swift */ = {isa = PBXFileReference; lastKnownFileType = sourcecode.swift; path = FinderManager.swift; sourceTree = "<group>"; };
		9A2D411029E957F200D1948B /* project.xcdatamodel */ = {isa = PBXFileReference; lastKnownFileType = wrapper.xcdatamodel; path = project.xcdatamodel; sourceTree = "<group>"; };
		9A2D411229E95C9F00D1948B /* ProjectDataBaseManager.swift */ = {isa = PBXFileReference; lastKnownFileType = sourcecode.swift; path = ProjectDataBaseManager.swift; sourceTree = "<group>"; };
		9A411A7A29DE713D00CFDD7C /* PathExt.swift */ = {isa = PBXFileReference; lastKnownFileType = sourcecode.swift; path = PathExt.swift; sourceTree = "<group>"; };
		9A411A7C29DE76F600CFDD7C /* ProjectsExt.swift */ = {isa = PBXFileReference; lastKnownFileType = sourcecode.swift; path = ProjectsExt.swift; sourceTree = "<group>"; };
		9A411A8229DEBCBA00CFDD7C /* ProjectsDetailHeaderViewController.swift */ = {isa = PBXFileReference; lastKnownFileType = sourcecode.swift; path = ProjectsDetailHeaderViewController.swift; sourceTree = "<group>"; };
		9A411A8329DEBCBA00CFDD7C /* ProjectsDetailHeaderViewController.xib */ = {isa = PBXFileReference; lastKnownFileType = file.xib; path = ProjectsDetailHeaderViewController.xib; sourceTree = "<group>"; };
		9A8DDCFA29DBCA560010F845 /* ToolBarViewController.swift */ = {isa = PBXFileReference; lastKnownFileType = sourcecode.swift; path = ToolBarViewController.swift; sourceTree = "<group>"; };
		9A8DDCFB29DBCA560010F845 /* ToolBarViewController.xib */ = {isa = PBXFileReference; lastKnownFileType = file.xib; path = ToolBarViewController.xib; sourceTree = "<group>"; };
		9A8DDD0029DBD3A70010F845 /* ProjectsListViewController.swift */ = {isa = PBXFileReference; lastKnownFileType = sourcecode.swift; path = ProjectsListViewController.swift; sourceTree = "<group>"; };
		9A8DDD0129DBD3A70010F845 /* ProjectsListViewController.xib */ = {isa = PBXFileReference; lastKnownFileType = file.xib; path = ProjectsListViewController.xib; sourceTree = "<group>"; };
		9A8DDD0429DBD4DF0010F845 /* ToolBarButton.swift */ = {isa = PBXFileReference; lastKnownFileType = sourcecode.swift; path = ToolBarButton.swift; sourceTree = "<group>"; };
		9A8DDD0A29DBF1240010F845 /* ColorExt.swift */ = {isa = PBXFileReference; lastKnownFileType = sourcecode.swift; path = ColorExt.swift; sourceTree = "<group>"; };
		9A8DDD1C29DBFA6D0010F845 /* ProjectsViewController.swift */ = {isa = PBXFileReference; lastKnownFileType = sourcecode.swift; path = ProjectsViewController.swift; sourceTree = "<group>"; };
		9A8DDD1D29DBFA6D0010F845 /* ProjectsViewController.xib */ = {isa = PBXFileReference; lastKnownFileType = file.xib; path = ProjectsViewController.xib; sourceTree = "<group>"; };
		9A8DDD2229DC07650010F845 /* GetpManager.swift */ = {isa = PBXFileReference; lastKnownFileType = sourcecode.swift; path = GetpManager.swift; sourceTree = "<group>"; };
		9A8DDD2429DC18BC0010F845 /* ProjectsActionBarViewController.swift */ = {isa = PBXFileReference; lastKnownFileType = sourcecode.swift; path = ProjectsActionBarViewController.swift; sourceTree = "<group>"; };
		9A8DDD2529DC18BC0010F845 /* ProjectsActionBarViewController.xib */ = {isa = PBXFileReference; lastKnownFileType = file.xib; path = ProjectsActionBarViewController.xib; sourceTree = "<group>"; };
		9A8DDD2929DC1AF60010F845 /* LayoutExt.swift */ = {isa = PBXFileReference; lastKnownFileType = sourcecode.swift; path = LayoutExt.swift; sourceTree = "<group>"; };
		9A8DDD2B29DC1C9C0010F845 /* ProjectDetailViewController.swift */ = {isa = PBXFileReference; lastKnownFileType = sourcecode.swift; path = ProjectDetailViewController.swift; sourceTree = "<group>"; };
		9A8DDD2C29DC1C9C0010F845 /* ProjectDetailViewController.xib */ = {isa = PBXFileReference; lastKnownFileType = file.xib; path = ProjectDetailViewController.xib; sourceTree = "<group>"; };
		9A8DDD3029DC23390010F845 /* ProjectsHandler.swift */ = {isa = PBXFileReference; lastKnownFileType = sourcecode.swift; path = ProjectsHandler.swift; sourceTree = "<group>"; };
		9A8DDD3229DC234C0010F845 /* ProjectModel.swift */ = {isa = PBXFileReference; lastKnownFileType = sourcecode.swift; path = ProjectModel.swift; sourceTree = "<group>"; };
		9A8DDD3429DC24E40010F845 /* ProjectCell.swift */ = {isa = PBXFileReference; lastKnownFileType = sourcecode.swift; path = ProjectCell.swift; sourceTree = "<group>"; };
		9A8DDD3629DC24FE0010F845 /* ProjectCell.xib */ = {isa = PBXFileReference; lastKnownFileType = file.xib; path = ProjectCell.xib; sourceTree = "<group>"; };
		9A8DDD3829DC2A9C0010F845 /* ProjectsListView.swift */ = {isa = PBXFileReference; lastKnownFileType = sourcecode.swift; path = ProjectsListView.swift; sourceTree = "<group>"; };
		9A93503929DFB51600FAA151 /* TestViewController.swift */ = {isa = PBXFileReference; lastKnownFileType = sourcecode.swift; path = TestViewController.swift; sourceTree = "<group>"; };
		9A93503A29DFB51600FAA151 /* TestViewController.xib */ = {isa = PBXFileReference; lastKnownFileType = file.xib; path = TestViewController.xib; sourceTree = "<group>"; };
		9A93504029DFE97700FAA151 /* SupportedApps.swift */ = {isa = PBXFileReference; lastKnownFileType = sourcecode.swift; path = SupportedApps.swift; sourceTree = "<group>"; };
		9A93504229DFEA7300FAA151 /* App.swift */ = {isa = PBXFileReference; lastKnownFileType = sourcecode.swift; path = App.swift; sourceTree = "<group>"; };
		9A93504529DFF10800FAA151 /* Terminal.swift */ = {isa = PBXFileReference; fileEncoding = 4; lastKnownFileType = sourcecode.swift; path = Terminal.swift; sourceTree = "<group>"; };
		9A93504629DFF10800FAA151 /* Finder.swift */ = {isa = PBXFileReference; fileEncoding = 4; lastKnownFileType = sourcecode.swift; path = Finder.swift; sourceTree = "<group>"; };
		9A93504A29DFF33200FAA151 /* ScriptManager.swift */ = {isa = PBXFileReference; lastKnownFileType = sourcecode.swift; path = ScriptManager.swift; sourceTree = "<group>"; };
		9A93504C29DFF38000FAA151 /* ScriptFactory.swift */ = {isa = PBXFileReference; lastKnownFileType = sourcecode.swift; path = ScriptFactory.swift; sourceTree = "<group>"; };
		9A93505029DFF66900FAA151 /* Error.swift */ = {isa = PBXFileReference; lastKnownFileType = sourcecode.swift; path = Error.swift; sourceTree = "<group>"; };
/* End PBXFileReference section */

/* Begin PBXFrameworksBuildPhase section */
		37E4D24829DB1A1A0009925D /* Frameworks */ = {
			isa = PBXFrameworksBuildPhase;
			buildActionMask = 2147483647;
			files = (
			);
			runOnlyForDeploymentPostprocessing = 0;
		};
		37E4D25929DB1A1C0009925D /* Frameworks */ = {
			isa = PBXFrameworksBuildPhase;
			buildActionMask = 2147483647;
			files = (
			);
			runOnlyForDeploymentPostprocessing = 0;
		};
		37E4D26329DB1A1C0009925D /* Frameworks */ = {
			isa = PBXFrameworksBuildPhase;
			buildActionMask = 2147483647;
			files = (
			);
			runOnlyForDeploymentPostprocessing = 0;
		};
/* End PBXFrameworksBuildPhase section */

/* Begin PBXGroup section */
		370F1A4729E5B13700756CC0 /* Button */ = {
			isa = PBXGroup;
			children = (
				370F1A4829E5B19300756CC0 /* CursorEnableButton.swift */,
				370F1A4A29E5B53E00756CC0 /* LinkButton.swift */,
			);
			path = Button;
			sourceTree = "<group>";
		};
		3726298829E70476002DA946 /* Preference */ = {
			isa = PBXGroup;
			children = (
				3726298929E70496002DA946 /* PreferenceViewController.swift */,
				3726298A29E70496002DA946 /* PreferenceViewController.xib */,
			);
			path = Preference;
			sourceTree = "<group>";
		};
		3765513729DF0C500071A9BC /* ToyBricks */ = {
			isa = PBXGroup;
			children = (
				3765513829DF0C760071A9BC /* ToyBricksViewController.swift */,
				3765513929DF0C760071A9BC /* ToyBricksViewController.xib */,
				3765514129DF111A0071A9BC /* Views */,
			);
			path = ToyBricks;
			sourceTree = "<group>";
		};
		3765513C29DF0C8B0071A9BC /* Convenience */ = {
			isa = PBXGroup;
			children = (
				3765513D29DF0CB20071A9BC /* ConvenienceViewController.swift */,
				3765513E29DF0CB20071A9BC /* ConvenienceViewController.xib */,
			);
			path = Convenience;
			sourceTree = "<group>";
		};
		3765514129DF111A0071A9BC /* Views */ = {
			isa = PBXGroup;
			children = (
				3765514229DF11450071A9BC /* ToyBricksSidebarViewController.swift */,
				3765514329DF11450071A9BC /* ToyBricksSidebarViewController.xib */,
			);
			path = Views;
			sourceTree = "<group>";
		};
		3765514629DF15FC0071A9BC /* Components */ = {
			isa = PBXGroup;
			children = (
				370F1A4729E5B13700756CC0 /* Button */,
				9A93504E29DFF65400FAA151 /* Core */,
				3765514B29DF165B0071A9BC /* Tip */,
			);
			path = Components;
			sourceTree = "<group>";
		};
		3765514B29DF165B0071A9BC /* Tip */ = {
			isa = PBXGroup;
			children = (
				3765514C29DF16680071A9BC /* TipViewController.swift */,
				3765514D29DF16680071A9BC /* TipViewController.xib */,
			);
			path = Tip;
			sourceTree = "<group>";
		};
		37E4D24229DB1A1A0009925D = {
			isa = PBXGroup;
			children = (
				37E4D24D29DB1A1A0009925D /* getp */,
				37E4D25F29DB1A1C0009925D /* getpTests */,
				37E4D26929DB1A1D0009925D /* getpUITests */,
				37E4D24C29DB1A1A0009925D /* Products */,
			);
			sourceTree = "<group>";
		};
		37E4D24C29DB1A1A0009925D /* Products */ = {
			isa = PBXGroup;
			children = (
				37E4D24B29DB1A1A0009925D /* getp.app */,
				37E4D25C29DB1A1C0009925D /* getpTests.xctest */,
				37E4D26629DB1A1C0009925D /* getpUITests.xctest */,
			);
			name = Products;
			sourceTree = "<group>";
		};
		37E4D24D29DB1A1A0009925D /* getp */ = {
			isa = PBXGroup;
			children = (
				37E4D24E29DB1A1A0009925D /* AppDelegate.swift */,
				37E4D25029DB1A1A0009925D /* MainViewController.swift */,
				9A8DDD2229DC07650010F845 /* GetpManager.swift */,
				9A2D410E29E957CE00D1948B /* DataBase */,
				3726298829E70476002DA946 /* Preference */,
				9A93503829DFB50700FAA151 /* Test */,
				3765514629DF15FC0071A9BC /* Components */,
				3765513C29DF0C8B0071A9BC /* Convenience */,
				3765513729DF0C500071A9BC /* ToyBricks */,
				9A8DDD0929DBF1140010F845 /* Helper */,
				9A8DDCFF29DBD3860010F845 /* Projects */,
				9A8DDCF729DBCA0D0010F845 /* ToolBar */,
				37E4D25229DB1A1C0009925D /* Assets.xcassets */,
				37E4D25429DB1A1C0009925D /* Main.storyboard */,
				37E4D25729DB1A1C0009925D /* getp.entitlements */,
			);
			path = getp;
			sourceTree = "<group>";
		};
		37E4D25F29DB1A1C0009925D /* getpTests */ = {
			isa = PBXGroup;
			children = (
				37E4D26029DB1A1C0009925D /* getpTests.swift */,
			);
			path = getpTests;
			sourceTree = "<group>";
		};
		37E4D26929DB1A1D0009925D /* getpUITests */ = {
			isa = PBXGroup;
			children = (
				37E4D26A29DB1A1D0009925D /* getpUITests.swift */,
				37E4D26C29DB1A1D0009925D /* getpUITestsLaunchTests.swift */,
			);
			path = getpUITests;
			sourceTree = "<group>";
		};
		9A2290C529E3BC8900129E9B /* Finder */ = {
			isa = PBXGroup;
			children = (
				9A2290C629E3BC9400129E9B /* FinderManager.swift */,
			);
			path = Finder;
			sourceTree = "<group>";
		};
		9A2D410E29E957CE00D1948B /* DataBase */ = {
			isa = PBXGroup;
			children = (
				9A2D410F29E957F200D1948B /* project.xcdatamodeld */,
				9A2D411229E95C9F00D1948B /* ProjectDataBaseManager.swift */,
			);
			path = DataBase;
			sourceTree = "<group>";
		};
		9A8DDCF729DBCA0D0010F845 /* ToolBar */ = {
			isa = PBXGroup;
			children = (
				9A8DDCFA29DBCA560010F845 /* ToolBarViewController.swift */,
				9A8DDCFB29DBCA560010F845 /* ToolBarViewController.xib */,
				9A8DDD0429DBD4DF0010F845 /* ToolBarButton.swift */,
			);
			path = ToolBar;
			sourceTree = "<group>";
		};
		9A8DDCFF29DBD3860010F845 /* Projects */ = {
			isa = PBXGroup;
			children = (
				9A8DDD2F29DC22DE0010F845 /* Model */,
				9A8DDD2829DC18CC0010F845 /* Views */,
				9A8DDD1C29DBFA6D0010F845 /* ProjectsViewController.swift */,
				9A8DDD1D29DBFA6D0010F845 /* ProjectsViewController.xib */,
			);
			path = Projects;
			sourceTree = "<group>";
		};
		9A8DDD0929DBF1140010F845 /* Helper */ = {
			isa = PBXGroup;
			children = (
				9A8DDD0A29DBF1240010F845 /* ColorExt.swift */,
				9A8DDD2929DC1AF60010F845 /* LayoutExt.swift */,
				9A411A7A29DE713D00CFDD7C /* PathExt.swift */,
				9A411A7C29DE76F600CFDD7C /* ProjectsExt.swift */,
			);
			path = Helper;
			sourceTree = "<group>";
		};
		9A8DDD2829DC18CC0010F845 /* Views */ = {
			isa = PBXGroup;
			children = (
				9A8DDD2429DC18BC0010F845 /* ProjectsActionBarViewController.swift */,
				9A8DDD2529DC18BC0010F845 /* ProjectsActionBarViewController.xib */,
				9A8DDD0029DBD3A70010F845 /* ProjectsListViewController.swift */,
				9A8DDD0129DBD3A70010F845 /* ProjectsListViewController.xib */,
				9A8DDD3829DC2A9C0010F845 /* ProjectsListView.swift */,
				9A8DDD3429DC24E40010F845 /* ProjectCell.swift */,
				9A8DDD3629DC24FE0010F845 /* ProjectCell.xib */,
				9A8DDD2B29DC1C9C0010F845 /* ProjectDetailViewController.swift */,
				9A8DDD2C29DC1C9C0010F845 /* ProjectDetailViewController.xib */,
				9A411A8229DEBCBA00CFDD7C /* ProjectsDetailHeaderViewController.swift */,
				9A411A8329DEBCBA00CFDD7C /* ProjectsDetailHeaderViewController.xib */,
			);
			path = Views;
			sourceTree = "<group>";
		};
		9A8DDD2F29DC22DE0010F845 /* Model */ = {
			isa = PBXGroup;
			children = (
				9A8DDD3029DC23390010F845 /* ProjectsHandler.swift */,
				9A8DDD3229DC234C0010F845 /* ProjectModel.swift */,
			);
			path = Model;
			sourceTree = "<group>";
		};
		9A93503829DFB50700FAA151 /* Test */ = {
			isa = PBXGroup;
			children = (
				9A93503929DFB51600FAA151 /* TestViewController.swift */,
				9A93503A29DFB51600FAA151 /* TestViewController.xib */,
			);
			path = Test;
			sourceTree = "<group>";
		};
		9A93503D29DFBB5600FAA151 /* ApplicationCore */ = {
			isa = PBXGroup;
			children = (
				9A93504029DFE97700FAA151 /* SupportedApps.swift */,
				9A93504229DFEA7300FAA151 /* App.swift */,
			);
			path = ApplicationCore;
			sourceTree = "<group>";
		};
		9A93504429DFF10800FAA151 /* ScriptingBridge */ = {
			isa = PBXGroup;
			children = (
				9A93504529DFF10800FAA151 /* Terminal.swift */,
				9A93504629DFF10800FAA151 /* Finder.swift */,
			);
			path = ScriptingBridge;
			sourceTree = "<group>";
		};
		9A93504929DFF17800FAA151 /* Script */ = {
			isa = PBXGroup;
			children = (
				9A93504429DFF10800FAA151 /* ScriptingBridge */,
				9A93504A29DFF33200FAA151 /* ScriptManager.swift */,
				9A93504C29DFF38000FAA151 /* ScriptFactory.swift */,
			);
			path = Script;
			sourceTree = "<group>";
		};
		9A93504E29DFF65400FAA151 /* Core */ = {
			isa = PBXGroup;
			children = (
				9A2290C529E3BC8900129E9B /* Finder */,
				9A93504F29DFF65C00FAA151 /* Error */,
				9A93504929DFF17800FAA151 /* Script */,
				9A93503D29DFBB5600FAA151 /* ApplicationCore */,
			);
			path = Core;
			sourceTree = "<group>";
		};
		9A93504F29DFF65C00FAA151 /* Error */ = {
			isa = PBXGroup;
			children = (
				9A93505029DFF66900FAA151 /* Error.swift */,
			);
			path = Error;
			sourceTree = "<group>";
		};
/* End PBXGroup section */

/* Begin PBXNativeTarget section */
		37E4D24A29DB1A1A0009925D /* getp */ = {
			isa = PBXNativeTarget;
			buildConfigurationList = 37E4D27029DB1A1D0009925D /* Build configuration list for PBXNativeTarget "getp" */;
			buildPhases = (
				37E4D24729DB1A1A0009925D /* Sources */,
				37E4D24829DB1A1A0009925D /* Frameworks */,
				37E4D24929DB1A1A0009925D /* Resources */,
			);
			buildRules = (
			);
			dependencies = (
			);
			name = getp;
			productName = getp;
			productReference = 37E4D24B29DB1A1A0009925D /* getp.app */;
			productType = "com.apple.product-type.application";
		};
		37E4D25B29DB1A1C0009925D /* getpTests */ = {
			isa = PBXNativeTarget;
			buildConfigurationList = 37E4D27329DB1A1D0009925D /* Build configuration list for PBXNativeTarget "getpTests" */;
			buildPhases = (
				37E4D25829DB1A1C0009925D /* Sources */,
				37E4D25929DB1A1C0009925D /* Frameworks */,
				37E4D25A29DB1A1C0009925D /* Resources */,
			);
			buildRules = (
			);
			dependencies = (
				37E4D25E29DB1A1C0009925D /* PBXTargetDependency */,
			);
			name = getpTests;
			productName = getpTests;
			productReference = 37E4D25C29DB1A1C0009925D /* getpTests.xctest */;
			productType = "com.apple.product-type.bundle.unit-test";
		};
		37E4D26529DB1A1C0009925D /* getpUITests */ = {
			isa = PBXNativeTarget;
			buildConfigurationList = 37E4D27629DB1A1D0009925D /* Build configuration list for PBXNativeTarget "getpUITests" */;
			buildPhases = (
				37E4D26229DB1A1C0009925D /* Sources */,
				37E4D26329DB1A1C0009925D /* Frameworks */,
				37E4D26429DB1A1C0009925D /* Resources */,
			);
			buildRules = (
			);
			dependencies = (
				37E4D26829DB1A1C0009925D /* PBXTargetDependency */,
			);
			name = getpUITests;
			productName = getpUITests;
			productReference = 37E4D26629DB1A1C0009925D /* getpUITests.xctest */;
			productType = "com.apple.product-type.bundle.ui-testing";
		};
/* End PBXNativeTarget section */

/* Begin PBXProject section */
		37E4D24329DB1A1A0009925D /* Project object */ = {
			isa = PBXProject;
			attributes = {
				BuildIndependentTargetsInParallel = 1;
				LastSwiftUpdateCheck = 1420;
				LastUpgradeCheck = 1420;
				TargetAttributes = {
					37E4D24A29DB1A1A0009925D = {
						CreatedOnToolsVersion = 14.2;
					};
					37E4D25B29DB1A1C0009925D = {
						CreatedOnToolsVersion = 14.2;
						TestTargetID = 37E4D24A29DB1A1A0009925D;
					};
					37E4D26529DB1A1C0009925D = {
						CreatedOnToolsVersion = 14.2;
						TestTargetID = 37E4D24A29DB1A1A0009925D;
					};
				};
			};
			buildConfigurationList = 37E4D24629DB1A1A0009925D /* Build configuration list for PBXProject "getp" */;
			compatibilityVersion = "Xcode 14.0";
			developmentRegion = en;
			hasScannedForEncodings = 0;
			knownRegions = (
				en,
				Base,
			);
			mainGroup = 37E4D24229DB1A1A0009925D;
			productRefGroup = 37E4D24229DB1A1A0009925D;
			projectDirPath = "";
			projectRoot = "";
			targets = (
				37E4D24A29DB1A1A0009925D /* getp */,
				37E4D25B29DB1A1C0009925D /* getpTests */,
				37E4D26529DB1A1C0009925D /* getpUITests */,
			);
		};
/* End PBXProject section */

/* Begin PBXResourcesBuildPhase section */
		37E4D24929DB1A1A0009925D /* Resources */ = {
			isa = PBXResourcesBuildPhase;
			buildActionMask = 2147483647;
			files = (
				3726298C29E70496002DA946 /* PreferenceViewController.xib in Resources */,
				3765514F29DF16680071A9BC /* TipViewController.xib in Resources */,
				9A8DDD0329DBD3A70010F845 /* ProjectsListViewController.xib in Resources */,
				3765514029DF0CB20071A9BC /* ConvenienceViewController.xib in Resources */,
				9A8DDD2E29DC1C9C0010F845 /* ProjectDetailViewController.xib in Resources */,
				9A8DDCFD29DBCA560010F845 /* ToolBarViewController.xib in Resources */,
				3765513B29DF0C760071A9BC /* ToyBricksViewController.xib in Resources */,
				9A8DDD2729DC18BC0010F845 /* ProjectsActionBarViewController.xib in Resources */,
				9A8DDD1F29DBFA6D0010F845 /* ProjectsViewController.xib in Resources */,
				9A411A8529DEBCBA00CFDD7C /* ProjectsDetailHeaderViewController.xib in Resources */,
				37E4D25329DB1A1C0009925D /* Assets.xcassets in Resources */,
				37E4D25629DB1A1C0009925D /* Main.storyboard in Resources */,
				3765514529DF11450071A9BC /* ToyBricksSidebarViewController.xib in Resources */,
				9A93503C29DFB51600FAA151 /* TestViewController.xib in Resources */,
				9A8DDD3729DC24FE0010F845 /* ProjectCell.xib in Resources */,
			);
			runOnlyForDeploymentPostprocessing = 0;
		};
		37E4D25A29DB1A1C0009925D /* Resources */ = {
			isa = PBXResourcesBuildPhase;
			buildActionMask = 2147483647;
			files = (
			);
			runOnlyForDeploymentPostprocessing = 0;
		};
		37E4D26429DB1A1C0009925D /* Resources */ = {
			isa = PBXResourcesBuildPhase;
			buildActionMask = 2147483647;
			files = (
			);
			runOnlyForDeploymentPostprocessing = 0;
		};
/* End PBXResourcesBuildPhase section */

/* Begin PBXSourcesBuildPhase section */
		37E4D24729DB1A1A0009925D /* Sources */ = {
			isa = PBXSourcesBuildPhase;
			buildActionMask = 2147483647;
			files = (
				9A8DDD3329DC234C0010F845 /* ProjectModel.swift in Sources */,
				9A93504D29DFF38000FAA151 /* ScriptFactory.swift in Sources */,
				9A93504729DFF10800FAA151 /* Terminal.swift in Sources */,
				9A2290C729E3BC9400129E9B /* FinderManager.swift in Sources */,
				9A8DDD3129DC23390010F845 /* ProjectsHandler.swift in Sources */,
				9A93503B29DFB51600FAA151 /* TestViewController.swift in Sources */,
				3765514E29DF16680071A9BC /* TipViewController.swift in Sources */,
				9A2D411129E957F200D1948B /* project.xcdatamodeld in Sources */,
				9A411A7B29DE713D00CFDD7C /* PathExt.swift in Sources */,
				3765513A29DF0C760071A9BC /* ToyBricksViewController.swift in Sources */,
				370F1A4B29E5B53E00756CC0 /* LinkButton.swift in Sources */,
				9A93504829DFF10800FAA151 /* Finder.swift in Sources */,
				3765514429DF11450071A9BC /* ToyBricksSidebarViewController.swift in Sources */,
				9A93504129DFE97700FAA151 /* SupportedApps.swift in Sources */,
				9A8DDD0229DBD3A70010F845 /* ProjectsListViewController.swift in Sources */,
				9A411A8429DEBCBA00CFDD7C /* ProjectsDetailHeaderViewController.swift in Sources */,
				9A8DDD3529DC24E40010F845 /* ProjectCell.swift in Sources */,
				9A8DDD2D29DC1C9C0010F845 /* ProjectDetailViewController.swift in Sources */,
				9A411A7D29DE76F600CFDD7C /* ProjectsExt.swift in Sources */,
				9A93504329DFEA7300FAA151 /* App.swift in Sources */,
				9A8DDD2A29DC1AF60010F845 /* LayoutExt.swift in Sources */,
				3765513F29DF0CB20071A9BC /* ConvenienceViewController.swift in Sources */,
				3726298B29E70496002DA946 /* PreferenceViewController.swift in Sources */,
				370F1A4929E5B19300756CC0 /* CursorEnableButton.swift in Sources */,
				9A8DDCFC29DBCA560010F845 /* ToolBarViewController.swift in Sources */,
				37E4D25129DB1A1A0009925D /* MainViewController.swift in Sources */,
				9A8DDD0B29DBF1240010F845 /* ColorExt.swift in Sources */,
				9A8DDD2629DC18BC0010F845 /* ProjectsActionBarViewController.swift in Sources */,
				9A2D411329E95C9F00D1948B /* ProjectDataBaseManager.swift in Sources */,
				9A93504B29DFF33200FAA151 /* ScriptManager.swift in Sources */,
				9A8DDD3929DC2A9C0010F845 /* ProjectsListView.swift in Sources */,
				37E4D24F29DB1A1A0009925D /* AppDelegate.swift in Sources */,
				9A8DDD0529DBD4DF0010F845 /* ToolBarButton.swift in Sources */,
				9A8DDD1E29DBFA6D0010F845 /* ProjectsViewController.swift in Sources */,
				9A93505129DFF66900FAA151 /* Error.swift in Sources */,
				9A8DDD2329DC07650010F845 /* GetpManager.swift in Sources */,
			);
			runOnlyForDeploymentPostprocessing = 0;
		};
		37E4D25829DB1A1C0009925D /* Sources */ = {
			isa = PBXSourcesBuildPhase;
			buildActionMask = 2147483647;
			files = (
				37E4D26129DB1A1C0009925D /* getpTests.swift in Sources */,
			);
			runOnlyForDeploymentPostprocessing = 0;
		};
		37E4D26229DB1A1C0009925D /* Sources */ = {
			isa = PBXSourcesBuildPhase;
			buildActionMask = 2147483647;
			files = (
				37E4D26D29DB1A1D0009925D /* getpUITestsLaunchTests.swift in Sources */,
				37E4D26B29DB1A1D0009925D /* getpUITests.swift in Sources */,
			);
			runOnlyForDeploymentPostprocessing = 0;
		};
/* End PBXSourcesBuildPhase section */

/* Begin PBXTargetDependency section */
		37E4D25E29DB1A1C0009925D /* PBXTargetDependency */ = {
			isa = PBXTargetDependency;
			target = 37E4D24A29DB1A1A0009925D /* getp */;
			targetProxy = 37E4D25D29DB1A1C0009925D /* PBXContainerItemProxy */;
		};
		37E4D26829DB1A1C0009925D /* PBXTargetDependency */ = {
			isa = PBXTargetDependency;
			target = 37E4D24A29DB1A1A0009925D /* getp */;
			targetProxy = 37E4D26729DB1A1C0009925D /* PBXContainerItemProxy */;
		};
/* End PBXTargetDependency section */

/* Begin PBXVariantGroup section */
		37E4D25429DB1A1C0009925D /* Main.storyboard */ = {
			isa = PBXVariantGroup;
			children = (
				37E4D25529DB1A1C0009925D /* Base */,
			);
			name = Main.storyboard;
			sourceTree = "<group>";
		};
/* End PBXVariantGroup section */

/* Begin XCBuildConfiguration section */
		37E4D26E29DB1A1D0009925D /* Debug */ = {
			isa = XCBuildConfiguration;
			buildSettings = {
				ALWAYS_SEARCH_USER_PATHS = NO;
				CLANG_ANALYZER_NONNULL = YES;
				CLANG_ANALYZER_NUMBER_OBJECT_CONVERSION = YES_AGGRESSIVE;
				CLANG_CXX_LANGUAGE_STANDARD = "gnu++20";
				CLANG_ENABLE_MODULES = YES;
				CLANG_ENABLE_OBJC_ARC = YES;
				CLANG_ENABLE_OBJC_WEAK = YES;
				CLANG_WARN_BLOCK_CAPTURE_AUTORELEASING = YES;
				CLANG_WARN_BOOL_CONVERSION = YES;
				CLANG_WARN_COMMA = YES;
				CLANG_WARN_CONSTANT_CONVERSION = YES;
				CLANG_WARN_DEPRECATED_OBJC_IMPLEMENTATIONS = YES;
				CLANG_WARN_DIRECT_OBJC_ISA_USAGE = YES_ERROR;
				CLANG_WARN_DOCUMENTATION_COMMENTS = YES;
				CLANG_WARN_EMPTY_BODY = YES;
				CLANG_WARN_ENUM_CONVERSION = YES;
				CLANG_WARN_INFINITE_RECURSION = YES;
				CLANG_WARN_INT_CONVERSION = YES;
				CLANG_WARN_NON_LITERAL_NULL_CONVERSION = YES;
				CLANG_WARN_OBJC_IMPLICIT_RETAIN_SELF = YES;
				CLANG_WARN_OBJC_LITERAL_CONVERSION = YES;
				CLANG_WARN_OBJC_ROOT_CLASS = YES_ERROR;
				CLANG_WARN_QUOTED_INCLUDE_IN_FRAMEWORK_HEADER = YES;
				CLANG_WARN_RANGE_LOOP_ANALYSIS = YES;
				CLANG_WARN_STRICT_PROTOTYPES = YES;
				CLANG_WARN_SUSPICIOUS_MOVE = YES;
				CLANG_WARN_UNGUARDED_AVAILABILITY = YES_AGGRESSIVE;
				CLANG_WARN_UNREACHABLE_CODE = YES;
				CLANG_WARN__DUPLICATE_METHOD_MATCH = YES;
				COPY_PHASE_STRIP = NO;
				DEBUG_INFORMATION_FORMAT = dwarf;
				ENABLE_STRICT_OBJC_MSGSEND = YES;
				ENABLE_TESTABILITY = YES;
				GCC_C_LANGUAGE_STANDARD = gnu11;
				GCC_DYNAMIC_NO_PIC = NO;
				GCC_NO_COMMON_BLOCKS = YES;
				GCC_OPTIMIZATION_LEVEL = 0;
				GCC_PREPROCESSOR_DEFINITIONS = (
					"DEBUG=1",
					"$(inherited)",
				);
				GCC_WARN_64_TO_32_BIT_CONVERSION = YES;
				GCC_WARN_ABOUT_RETURN_TYPE = YES_ERROR;
				GCC_WARN_UNDECLARED_SELECTOR = YES;
				GCC_WARN_UNINITIALIZED_AUTOS = YES_AGGRESSIVE;
				GCC_WARN_UNUSED_FUNCTION = YES;
				GCC_WARN_UNUSED_VARIABLE = YES;
				MACOSX_DEPLOYMENT_TARGET = 12.6;
				MTL_ENABLE_DEBUG_INFO = INCLUDE_SOURCE;
				MTL_FAST_MATH = YES;
				ONLY_ACTIVE_ARCH = YES;
				SDKROOT = macosx;
				SWIFT_ACTIVE_COMPILATION_CONDITIONS = DEBUG;
				SWIFT_OPTIMIZATION_LEVEL = "-Onone";
			};
			name = Debug;
		};
		37E4D26F29DB1A1D0009925D /* Release */ = {
			isa = XCBuildConfiguration;
			buildSettings = {
				ALWAYS_SEARCH_USER_PATHS = NO;
				CLANG_ANALYZER_NONNULL = YES;
				CLANG_ANALYZER_NUMBER_OBJECT_CONVERSION = YES_AGGRESSIVE;
				CLANG_CXX_LANGUAGE_STANDARD = "gnu++20";
				CLANG_ENABLE_MODULES = YES;
				CLANG_ENABLE_OBJC_ARC = YES;
				CLANG_ENABLE_OBJC_WEAK = YES;
				CLANG_WARN_BLOCK_CAPTURE_AUTORELEASING = YES;
				CLANG_WARN_BOOL_CONVERSION = YES;
				CLANG_WARN_COMMA = YES;
				CLANG_WARN_CONSTANT_CONVERSION = YES;
				CLANG_WARN_DEPRECATED_OBJC_IMPLEMENTATIONS = YES;
				CLANG_WARN_DIRECT_OBJC_ISA_USAGE = YES_ERROR;
				CLANG_WARN_DOCUMENTATION_COMMENTS = YES;
				CLANG_WARN_EMPTY_BODY = YES;
				CLANG_WARN_ENUM_CONVERSION = YES;
				CLANG_WARN_INFINITE_RECURSION = YES;
				CLANG_WARN_INT_CONVERSION = YES;
				CLANG_WARN_NON_LITERAL_NULL_CONVERSION = YES;
				CLANG_WARN_OBJC_IMPLICIT_RETAIN_SELF = YES;
				CLANG_WARN_OBJC_LITERAL_CONVERSION = YES;
				CLANG_WARN_OBJC_ROOT_CLASS = YES_ERROR;
				CLANG_WARN_QUOTED_INCLUDE_IN_FRAMEWORK_HEADER = YES;
				CLANG_WARN_RANGE_LOOP_ANALYSIS = YES;
				CLANG_WARN_STRICT_PROTOTYPES = YES;
				CLANG_WARN_SUSPICIOUS_MOVE = YES;
				CLANG_WARN_UNGUARDED_AVAILABILITY = YES_AGGRESSIVE;
				CLANG_WARN_UNREACHABLE_CODE = YES;
				CLANG_WARN__DUPLICATE_METHOD_MATCH = YES;
				COPY_PHASE_STRIP = NO;
				DEBUG_INFORMATION_FORMAT = "dwarf-with-dsym";
				ENABLE_NS_ASSERTIONS = NO;
				ENABLE_STRICT_OBJC_MSGSEND = YES;
				GCC_C_LANGUAGE_STANDARD = gnu11;
				GCC_NO_COMMON_BLOCKS = YES;
				GCC_WARN_64_TO_32_BIT_CONVERSION = YES;
				GCC_WARN_ABOUT_RETURN_TYPE = YES_ERROR;
				GCC_WARN_UNDECLARED_SELECTOR = YES;
				GCC_WARN_UNINITIALIZED_AUTOS = YES_AGGRESSIVE;
				GCC_WARN_UNUSED_FUNCTION = YES;
				GCC_WARN_UNUSED_VARIABLE = YES;
				MACOSX_DEPLOYMENT_TARGET = 12.6;
				MTL_ENABLE_DEBUG_INFO = NO;
				MTL_FAST_MATH = YES;
				SDKROOT = macosx;
				SWIFT_COMPILATION_MODE = wholemodule;
				SWIFT_OPTIMIZATION_LEVEL = "-O";
			};
			name = Release;
		};
		37E4D27129DB1A1D0009925D /* Debug */ = {
			isa = XCBuildConfiguration;
			buildSettings = {
				ASSETCATALOG_COMPILER_APPICON_NAME = AppIcon;
				ASSETCATALOG_COMPILER_GLOBAL_ACCENT_COLOR_NAME = AccentColor;
				CODE_SIGN_ENTITLEMENTS = getp/getp.entitlements;
				CODE_SIGN_STYLE = Automatic;
				COMBINE_HIDPI_IMAGES = YES;
				CURRENT_PROJECT_VERSION = 1;
				DEVELOPMENT_TEAM = NK9M2883N3;
				ENABLE_HARDENED_RUNTIME = YES;
				GENERATE_INFOPLIST_FILE = YES;
				INFOPLIST_KEY_NSAppleEventsUsageDescription = "Please give permissions to access your Finder & Terminal";
				INFOPLIST_KEY_NSHumanReadableCopyright = "";
				INFOPLIST_KEY_NSMainStoryboardFile = Main;
				INFOPLIST_KEY_NSPrincipalClass = NSApplication;
				LD_RUNPATH_SEARCH_PATHS = (
					"$(inherited)",
					"@executable_path/../Frameworks",
				);
				MACOSX_DEPLOYMENT_TARGET = 10.13;
				MARKETING_VERSION = 1.0;
				PRODUCT_BUNDLE_IDENTIFIER = com.ijinfeng.getp;
				PRODUCT_NAME = "$(TARGET_NAME)";
				SWIFT_EMIT_LOC_STRINGS = YES;
				SWIFT_VERSION = 5.0;
			};
			name = Debug;
		};
		37E4D27229DB1A1D0009925D /* Release */ = {
			isa = XCBuildConfiguration;
			buildSettings = {
				ASSETCATALOG_COMPILER_APPICON_NAME = AppIcon;
				ASSETCATALOG_COMPILER_GLOBAL_ACCENT_COLOR_NAME = AccentColor;
				CODE_SIGN_ENTITLEMENTS = getp/getp.entitlements;
				CODE_SIGN_STYLE = Automatic;
				COMBINE_HIDPI_IMAGES = YES;
				CURRENT_PROJECT_VERSION = 1;
				DEVELOPMENT_TEAM = NK9M2883N3;
				ENABLE_HARDENED_RUNTIME = YES;
				GENERATE_INFOPLIST_FILE = YES;
				INFOPLIST_KEY_NSAppleEventsUsageDescription = "Please give permissions to access your Finder & Terminal";
				INFOPLIST_KEY_NSHumanReadableCopyright = "";
				INFOPLIST_KEY_NSMainStoryboardFile = Main;
				INFOPLIST_KEY_NSPrincipalClass = NSApplication;
				LD_RUNPATH_SEARCH_PATHS = (
					"$(inherited)",
					"@executable_path/../Frameworks",
				);
				MACOSX_DEPLOYMENT_TARGET = 10.13;
				MARKETING_VERSION = 1.0;
				PRODUCT_BUNDLE_IDENTIFIER = com.ijinfeng.getp;
				PRODUCT_NAME = "$(TARGET_NAME)";
				SWIFT_EMIT_LOC_STRINGS = YES;
				SWIFT_VERSION = 5.0;
			};
			name = Release;
		};
		37E4D27429DB1A1D0009925D /* Debug */ = {
			isa = XCBuildConfiguration;
			buildSettings = {
				ALWAYS_EMBED_SWIFT_STANDARD_LIBRARIES = YES;
				BUNDLE_LOADER = "$(TEST_HOST)";
				CODE_SIGN_STYLE = Automatic;
				CURRENT_PROJECT_VERSION = 1;
				DEVELOPMENT_TEAM = NK9M2883N3;
				GENERATE_INFOPLIST_FILE = YES;
				MACOSX_DEPLOYMENT_TARGET = 12.6;
				MARKETING_VERSION = 1.0;
				PRODUCT_BUNDLE_IDENTIFIER = com.ijinfeng.getpTests;
				PRODUCT_NAME = "$(TARGET_NAME)";
				SWIFT_EMIT_LOC_STRINGS = NO;
				SWIFT_VERSION = 5.0;
				TEST_HOST = "$(BUILT_PRODUCTS_DIR)/getp.app/$(BUNDLE_EXECUTABLE_FOLDER_PATH)/getp";
			};
			name = Debug;
		};
		37E4D27529DB1A1D0009925D /* Release */ = {
			isa = XCBuildConfiguration;
			buildSettings = {
				ALWAYS_EMBED_SWIFT_STANDARD_LIBRARIES = YES;
				BUNDLE_LOADER = "$(TEST_HOST)";
				CODE_SIGN_STYLE = Automatic;
				CURRENT_PROJECT_VERSION = 1;
				DEVELOPMENT_TEAM = NK9M2883N3;
				GENERATE_INFOPLIST_FILE = YES;
				MACOSX_DEPLOYMENT_TARGET = 12.6;
				MARKETING_VERSION = 1.0;
				PRODUCT_BUNDLE_IDENTIFIER = com.ijinfeng.getpTests;
				PRODUCT_NAME = "$(TARGET_NAME)";
				SWIFT_EMIT_LOC_STRINGS = NO;
				SWIFT_VERSION = 5.0;
				TEST_HOST = "$(BUILT_PRODUCTS_DIR)/getp.app/$(BUNDLE_EXECUTABLE_FOLDER_PATH)/getp";
			};
			name = Release;
		};
		37E4D27729DB1A1D0009925D /* Debug */ = {
			isa = XCBuildConfiguration;
			buildSettings = {
				ALWAYS_EMBED_SWIFT_STANDARD_LIBRARIES = YES;
				CODE_SIGN_STYLE = Automatic;
				CURRENT_PROJECT_VERSION = 1;
				DEVELOPMENT_TEAM = NK9M2883N3;
				GENERATE_INFOPLIST_FILE = YES;
				MARKETING_VERSION = 1.0;
				PRODUCT_BUNDLE_IDENTIFIER = com.ijinfeng.getpUITests;
				PRODUCT_NAME = "$(TARGET_NAME)";
				SWIFT_EMIT_LOC_STRINGS = NO;
				SWIFT_VERSION = 5.0;
				TEST_TARGET_NAME = getp;
			};
			name = Debug;
		};
		37E4D27829DB1A1D0009925D /* Release */ = {
			isa = XCBuildConfiguration;
			buildSettings = {
				ALWAYS_EMBED_SWIFT_STANDARD_LIBRARIES = YES;
				CODE_SIGN_STYLE = Automatic;
				CURRENT_PROJECT_VERSION = 1;
				DEVELOPMENT_TEAM = NK9M2883N3;
				GENERATE_INFOPLIST_FILE = YES;
				MARKETING_VERSION = 1.0;
				PRODUCT_BUNDLE_IDENTIFIER = com.ijinfeng.getpUITests;
				PRODUCT_NAME = "$(TARGET_NAME)";
				SWIFT_EMIT_LOC_STRINGS = NO;
				SWIFT_VERSION = 5.0;
				TEST_TARGET_NAME = getp;
			};
			name = Release;
		};
/* End XCBuildConfiguration section */

/* Begin XCConfigurationList section */
		37E4D24629DB1A1A0009925D /* Build configuration list for PBXProject "getp" */ = {
			isa = XCConfigurationList;
			buildConfigurations = (
				37E4D26E29DB1A1D0009925D /* Debug */,
				37E4D26F29DB1A1D0009925D /* Release */,
			);
			defaultConfigurationIsVisible = 0;
			defaultConfigurationName = Release;
		};
		37E4D27029DB1A1D0009925D /* Build configuration list for PBXNativeTarget "getp" */ = {
			isa = XCConfigurationList;
			buildConfigurations = (
				37E4D27129DB1A1D0009925D /* Debug */,
				37E4D27229DB1A1D0009925D /* Release */,
			);
			defaultConfigurationIsVisible = 0;
			defaultConfigurationName = Release;
		};
		37E4D27329DB1A1D0009925D /* Build configuration list for PBXNativeTarget "getpTests" */ = {
			isa = XCConfigurationList;
			buildConfigurations = (
				37E4D27429DB1A1D0009925D /* Debug */,
				37E4D27529DB1A1D0009925D /* Release */,
			);
			defaultConfigurationIsVisible = 0;
			defaultConfigurationName = Release;
		};
		37E4D27629DB1A1D0009925D /* Build configuration list for PBXNativeTarget "getpUITests" */ = {
			isa = XCConfigurationList;
			buildConfigurations = (
				37E4D27729DB1A1D0009925D /* Debug */,
				37E4D27829DB1A1D0009925D /* Release */,
			);
			defaultConfigurationIsVisible = 0;
			defaultConfigurationName = Release;
		};
/* End XCConfigurationList section */

/* Begin XCVersionGroup section */
		9A2D410F29E957F200D1948B /* project.xcdatamodeld */ = {
			isa = XCVersionGroup;
			children = (
				9A2D411029E957F200D1948B /* project.xcdatamodel */,
			);
			currentVersion = 9A2D411029E957F200D1948B /* project.xcdatamodel */;
			path = project.xcdatamodeld;
			sourceTree = "<group>";
			versionGroupType = wrapper.xcdatamodel;
		};
/* End XCVersionGroup section */
	};
	rootObject = 37E4D24329DB1A1A0009925D /* Project object */;
}
